
Microsoft Visual Studio Solution File, Format Version 12.00
# Visual Studio Version 16
VisualStudioVersion = 16.0.31410.357
MinimumVisualStudioVersion = 10.0.40219.1
Project("{FAE04EC0-301F-11D3-BF4B-00C04F79EFBC}") = "Strongly Connected Components Kosaraju's", "Strongly Connected Components Kosaraju's\Strongly Connected Components Kosaraju's.csproj", "{665809AC-3C37-4BBA-B3DB-BDF04B013281}"
EndProject
Global
	GlobalSection(SolutionConfigurationPlatforms) = preSolution
		Debug|Any CPU = Debug|Any CPU
		Release|Any CPU = Release|Any CPU
	EndGlobalSection
	GlobalSection(ProjectConfigurationPlatforms) = postSolution
		{665809AC-3C37-4BBA-B3DB-BDF04B013281}.Debug|Any CPU.ActiveCfg = Debug|Any CPU
		{665809AC-3C37-4BBA-B3DB-BDF04B013281}.Debug|Any CPU.Build.0 = Debug|Any CPU
		{665809AC-3C37-4BBA-B3DB-BDF04B013281}.Release|Any CPU.ActiveCfg = Release|Any CPU
		{665809AC-3C37-4BBA-B3DB-BDF04B013281}.Release|Any CPU.Build.0 = Release|Any CPU
	EndGlobalSection
	GlobalSection(SolutionProperties) = preSolution
		HideSolutionNode = FALSE
	EndGlobalSection
	GlobalSection(ExtensibilityGlobals) = postSolution
		SolutionGuid = {B2238B80-89FE-4532-BF9A-502E153D56FF}
	EndGlobalSection
EndGlobal
